<?xml version="1.0" encoding="utf-8"?>
<Project ToolsVersion="4.0" xmlns="http://schemas.microsoft.com/developer/msbuild/2003">
  <ItemGroup>
    <Filter Include="Source Files">
      <UniqueIdentifier>{4FC737F1-C7A5-4376-A066-2A32D752A2FF}</UniqueIdentifier>
      <Extensions>cpp;c;cc;cxx;c++;cppm;ixx;def;odl;idl;hpj;bat;asm;asmx</Extensions>
    </Filter>
    <Filter Include="Header Files">
      <UniqueIdentifier>{93995380-89BD-4b04-88EB-625FBE52EBFB}</UniqueIdentifier>
      <Extensions>h;hh;hpp;hxx;h++;hm;inl;inc;ipp;xsd</Extensions>
    </Filter>
    <Filter Include="Resource Files">
      <UniqueIdentifier>{67DA6AB6-F800-4c08-8B7A-83BB121AAD01}</UniqueIdentifier>
      <Extensions>rc;ico;cur;bmp;dlg;rc2;rct;bin;rgs;gif;jpg;jpeg;jpe;resx;tiff;tif;png;wav;mfcribbon-ms</Extensions>
    </Filter>
    <Filter Include="Header Files\Default">
      <UniqueIdentifier>{616084b0-7a4e-4782-9683-bf423fbf7b10}</UniqueIdentifier>
    </Filter>
    <Filter Include="Source Files\Default">
      <UniqueIdentifier>{53f2dbd1-62b6-49e6-9083-40b784fa7164}</UniqueIdentifier>
    </Filter>
    <Filter Include="Header Files\Views">
      <UniqueIdentifier>{8634b6d8-6aa8-4dbc-a340-34ed93ab62f3}</UniqueIdentifier>
    </Filter>
    <Filter Include="Header Files\State">
      <UniqueIdentifier>{55e2fd6a-f608-4222-aaae-4b50e700d579}</UniqueIdentifier>
    </Filter>
    <Filter Include="Source Files\View">
      <UniqueIdentifier>{1246266c-d8a2-4221-a2ad-7fe30626195e}</UniqueIdentifier>
    </Filter>
    <Filter Include="Source Files\State">
      <UniqueIdentifier>{5fde8a8b-21e3-4fc1-aeb6-2437bbad58c4}</UniqueIdentifier>
    </Filter>
  </ItemGroup>
  <ItemGroup>
    <ClInclude Include="Dnevnik.h">
      <Filter>Header Files</Filter>
    </ClInclude>
    <ClInclude Include="FileView.h">
      <Filter>Header Files\Default</Filter>
    </ClInclude>
    <ClInclude Include="framework.h">
      <Filter>Header Files\Default</Filter>
    </ClInclude>
    <ClInclude Include="MainFrm.h">
      <Filter>Header Files\Default</Filter>
    </ClInclude>
    <ClInclude Include="OutputWnd.h">
      <Filter>Header Files\Default</Filter>
    </ClInclude>
    <ClInclude Include="pch.h">
      <Filter>Header Files\Default</Filter>
    </ClInclude>
    <ClInclude Include="PropertiesWnd.h">
      <Filter>Header Files\Default</Filter>
    </ClInclude>
    <ClInclude Include="Resource.h">
      <Filter>Header Files\Default</Filter>
    </ClInclude>
    <ClInclude Include="targetver.h">
      <Filter>Header Files\Default</Filter>
    </ClInclude>
    <ClInclude Include="ViewTree.h">
      <Filter>Header Files\Default</Filter>
    </ClInclude>
    <ClInclude Include="ClassView.h">
      <Filter>Header Files\Default</Filter>
    </ClInclude>
    <ClInclude Include="CWrapperView.h">
      <Filter>Header Files\Views</Filter>
    </ClInclude>
    <ClInclude Include="DnevnikDoc.h">
      <Filter>Header Files\State</Filter>
    </ClInclude>
    <ClInclude Include="Database.h">
      <Filter>Header Files\State</Filter>
    </ClInclude>
    <ClInclude Include="DatabaseSets.h">
      <Filter>Header Files\State</Filter>
    </ClInclude>
    <ClInclude Include="CreateStudentDlg.h">
      <Filter>Header Files</Filter>
    </ClInclude>
    <ClInclude Include="CreateSubjectDlg.h">
      <Filter>Header Files</Filter>
    </ClInclude>
    <ClInclude Include="CreateGradeDlg.h">
      <Filter>Header Files</Filter>
    </ClInclude>
    <ClInclude Include="StudentBirthdaysDlg.h">
      <Filter>Header Files</Filter>
    </ClInclude>
    <ClInclude Include="AverageStudentDlg.h">
      <Filter>Header Files</Filter>
    </ClInclude>
    <ClInclude Include="AverageBelowDlg.h">
      <Filter>Header Files</Filter>
    </ClInclude>
    <ClInclude Include="StudentsOverviewDlg.h">
      <Filter>Header Files</Filter>
    </ClInclude>
  </ItemGroup>
  <ItemGroup>
    <ClCompile Include="FileView.cpp">
      <Filter>Source Files\Default</Filter>
    </ClCompile>
    <ClCompile Include="MainFrm.cpp">
      <Filter>Source Files\Default</Filter>
    </ClCompile>
    <ClCompile Include="OutputWnd.cpp">
      <Filter>Source Files\Default</Filter>
    </ClCompile>
    <ClCompile Include="pch.cpp">
      <Filter>Source Files\Default</Filter>
    </ClCompile>
    <ClCompile Include="PropertiesWnd.cpp">
      <Filter>Source Files\Default</Filter>
    </ClCompile>
    <ClCompile Include="ViewTree.cpp">
      <Filter>Source Files\Default</Filter>
    </ClCompile>
    <ClCompile Include="ClassView.cpp">
      <Filter>Source Files\Default</Filter>
    </ClCompile>
    <ClCompile Include="DnevnikDoc.cpp">
      <Filter>Source Files\State</Filter>
    </ClCompile>
    <ClCompile Include="CWrapperView.cpp">
      <Filter>Source Files\View</Filter>
    </ClCompile>
    <ClCompile Include="Dnevnik.cpp">
      <Filter>Source Files</Filter>
    </ClCompile>
    <ClCompile Include="Database.cpp">
      <Filter>Source Files</Filter>
    </ClCompile>
    <ClCompile Include="DatabaseSets.cpp">
      <Filter>Source Files</Filter>
    </ClCompile>
    <ClCompile Include="CreateStudentDlg.cpp">
      <Filter>Source Files</Filter>
    </ClCompile>
    <ClCompile Include="CreateSubjectDlg.cpp">
      <Filter>Source Files</Filter>
    </ClCompile>
    <ClCompile Include="CreateGradeDlg.cpp">
      <Filter>Source Files</Filter>
    </ClCompile>
    <ClCompile Include="StudentBirthdaysDlg.cpp">
      <Filter>Source Files</Filter>
    </ClCompile>
    <ClCompile Include="AverageStudentDlg.cpp">
      <Filter>Source Files</Filter>
    </ClCompile>
    <ClCompile Include="AverageBelowDlg.cpp">
      <Filter>Source Files</Filter>
    </ClCompile>
    <ClCompile Include="StudentsOverviewDlg.cpp">
      <Filter>Source Files</Filter>
    </ClCompile>
  </ItemGroup>
  <ItemGroup>
    <ResourceCompile Include="Dnevnik.rc">
      <Filter>Resource Files</Filter>
    </ResourceCompile>
  </ItemGroup>
  <ItemGroup>
    <Image Include="res\file_view.ico">
      <Filter>Resource Files</Filter>
    </Image>
    <Image Include="res\file_view_hc.ico">
      <Filter>Resource Files</Filter>
    </Image>
    <Image Include="res\class_view.ico">
      <Filter>Resource Files</Filter>
    </Image>
    <Image Include="res\class_view_hc.ico">
      <Filter>Resource Files</Filter>
    </Image>
    <Image Include="res\fileview.bmp">
      <Filter>Resource Files</Filter>
    </Image>
    <Image Include="res\fileview_hc.bmp">
      <Filter>Resource Files</Filter>
    </Image>
    <Image Include="res\classview.bmp">
      <Filter>Resource Files</Filter>
    </Image>
    <Image Include="res\classview_hc.bmp">
      <Filter>Resource Files</Filter>
    </Image>
    <Image Include="res\explorer.bmp">
      <Filter>Resource Files</Filter>
    </Image>
    <Image Include="res\explorer_hc.bmp">
      <Filter>Resource Files</Filter>
    </Image>
    <Image Include="res\sort.bmp">
      <Filter>Resource Files</Filter>
    </Image>
    <Image Include="res\sort_hc.bmp">
      <Filter>Resource Files</Filter>
    </Image>
    <Image Include="res\menuimages.bmp">
      <Filter>Resource Files</Filter>
    </Image>
    <Image Include="res\menuimages_hc.bmp">
      <Filter>Resource Files</Filter>
    </Image>
    <Image Include="res\output_wnd.ico">
      <Filter>Resource Files</Filter>
    </Image>
    <Image Include="res\output_wnd_hc.ico">
      <Filter>Resource Files</Filter>
    </Image>
    <Image Include="res\properties_wnd.ico">
      <Filter>Resource Files</Filter>
    </Image>
    <Image Include="res\properties_wnd_hc.ico">
      <Filter>Resource Files</Filter>
    </Image>
    <Image Include="res\properties.bmp">
      <Filter>Resource Files</Filter>
    </Image>
    <Image Include="res\properties_hc.bmp">
      <Filter>Resource Files</Filter>
    </Image>
    <Image Include="res\DnevnikDoc.ico">
      <Filter>Resource Files</Filter>
    </Image>
    <Image Include="res\Dnevnik.ico">
      <Filter>Resource Files</Filter>
    </Image>
  </ItemGroup>
  <ItemGroup>
    <None Include="res\Dnevnik.rc2">
      <Filter>Resource Files</Filter>
    </None>
  </ItemGroup>
</Project>